// !$*UTF8*$!
{
	archiveVersion = 1;
	classes = {
	};
	objectVersion = 48;
	objects = {

/* Begin PBXBuildFile section */
		4502099C8CE342D30D1EA81C /* Pods_RxSwiftDemo.framework in Frameworks */ = {isa = PBXBuildFile; fileRef = 5AC3BD0F24EF6E1D7232ACEC /* Pods_RxSwiftDemo.framework */; };
		951046231FED0C8600753BB9 /* AppDelegate.swift in Sources */ = {isa = PBXBuildFile; fileRef = 951046221FED0C8600753BB9 /* AppDelegate.swift */; };
		951046251FED0C8700753BB9 /* Assets.xcassets in Resources */ = {isa = PBXBuildFile; fileRef = 951046241FED0C8700753BB9 /* Assets.xcassets */; };
		951046281FED0C8700753BB9 /* MainMenu.xib in Resources */ = {isa = PBXBuildFile; fileRef = 951046261FED0C8700753BB9 /* MainMenu.xib */; };
/* End PBXBuildFile section */

/* Begin PBXFileReference section */
		27CCF57EB8A2571225D24017 /* Pods-RxSwiftDemo.release.xcconfig */ = {isa = PBXFileReference; includeInIndex = 1; lastKnownFileType = text.xcconfig; name = "Pods-RxSwiftDemo.release.xcconfig"; path = "Pods/Target Support Files/Pods-RxSwiftDemo/Pods-RxSwiftDemo.release.xcconfig"; sourceTree = "<group>"; };
		5AC3BD0F24EF6E1D7232ACEC /* Pods_RxSwiftDemo.framework */ = {isa = PBXFileReference; explicitFileType = wrapper.framework; includeInIndex = 0; path = Pods_RxSwiftDemo.framework; sourceTree = BUILT_PRODUCTS_DIR; };
		950BA5741FF14B0400860D01 /* 07.playground */ = {isa = PBXFileReference; lastKnownFileType = file.playground; path = 07.playground; sourceTree = "<group>"; xcLanguageSpecificationIdentifier = xcode.lang.swift; };
		950F41711FF24E770019F242 /* 10.playground */ = {isa = PBXFileReference; lastKnownFileType = file.playground; path = 10.playground; sourceTree = "<group>"; xcLanguageSpecificationIdentifier = xcode.lang.swift; };
		9510461F1FED0C8600753BB9 /* RxSwiftDemo.app */ = {isa = PBXFileReference; explicitFileType = wrapper.application; includeInIndex = 0; path = RxSwiftDemo.app; sourceTree = BUILT_PRODUCTS_DIR; };
		951046221FED0C8600753BB9 /* AppDelegate.swift */ = {isa = PBXFileReference; lastKnownFileType = sourcecode.swift; path = AppDelegate.swift; sourceTree = "<group>"; };
		951046241FED0C8700753BB9 /* Assets.xcassets */ = {isa = PBXFileReference; lastKnownFileType = folder.assetcatalog; path = Assets.xcassets; sourceTree = "<group>"; };
		951046271FED0C8700753BB9 /* Base */ = {isa = PBXFileReference; lastKnownFileType = file.xib; name = Base; path = Base.lproj/MainMenu.xib; sourceTree = "<group>"; };
		951046291FED0C8700753BB9 /* Info.plist */ = {isa = PBXFileReference; lastKnownFileType = text.plist.xml; path = Info.plist; sourceTree = "<group>"; };
		9510462A1FED0C8700753BB9 /* RxSwiftDemo.entitlements */ = {isa = PBXFileReference; lastKnownFileType = text.plist.entitlements; path = RxSwiftDemo.entitlements; sourceTree = "<group>"; };
		951046311FED0C9400753BB9 /* 01.playground */ = {isa = PBXFileReference; lastKnownFileType = file.playground; path = 01.playground; sourceTree = "<group>"; xcLanguageSpecificationIdentifier = xcode.lang.swift; };
		951046321FED0C9400753BB9 /* 02.playground */ = {isa = PBXFileReference; lastKnownFileType = file.playground; path = 02.playground; sourceTree = "<group>"; xcLanguageSpecificationIdentifier = xcode.lang.swift; };
		955A21F81FF1537700273A19 /* 08.playground */ = {isa = PBXFileReference; lastKnownFileType = file.playground; path = 08.playground; sourceTree = "<group>"; xcLanguageSpecificationIdentifier = xcode.lang.swift; };
		95B73C861FEE5CC9002519D4 /* 05.playground */ = {isa = PBXFileReference; lastKnownFileType = file.playground; path = 05.playground; sourceTree = "<group>"; xcLanguageSpecificationIdentifier = xcode.lang.swift; };
		95B73C871FEE64AD002519D4 /* 06.playground */ = {isa = PBXFileReference; lastKnownFileType = file.playground; path = 06.playground; sourceTree = "<group>"; xcLanguageSpecificationIdentifier = xcode.lang.swift; };
		95C957DF1FED15CE00374AE3 /* 03.playground */ = {isa = PBXFileReference; lastKnownFileType = file.playground; path = 03.playground; sourceTree = "<group>"; xcLanguageSpecificationIdentifier = xcode.lang.swift; };
		95C957E01FED19F400374AE3 /* 04.playground */ = {isa = PBXFileReference; lastKnownFileType = file.playground; path = 04.playground; sourceTree = "<group>"; xcLanguageSpecificationIdentifier = xcode.lang.swift; };
		95D571E41FF23F0A00B84F37 /* 09.playground */ = {isa = PBXFileReference; lastKnownFileType = file.playground; path = 09.playground; sourceTree = "<group>"; xcLanguageSpecificationIdentifier = xcode.lang.swift; };
		95FB5AB01FF251C700D976CD /* 11.playground */ = {isa = PBXFileReference; lastKnownFileType = file.playground; path = 11.playground; sourceTree = "<group>"; xcLanguageSpecificationIdentifier = xcode.lang.swift; };
		B96676DD214772FF0007C484 /* C05.Filtering Operators.playground */ = {isa = PBXFileReference; lastKnownFileType = file.playground; path = "C05.Filtering Operators.playground"; sourceTree = "<group>"; xcLanguageSpecificationIdentifier = xcode.lang.swift; };
		B9D8B94B2146781300180CB0 /* C03.Subjects.playground */ = {isa = PBXFileReference; lastKnownFileType = file.playground; path = C03.Subjects.playground; sourceTree = "<group>"; xcLanguageSpecificationIdentifier = xcode.lang.swift; };
		B9D8B94C2146781300180CB0 /* C02.Observables.playground */ = {isa = PBXFileReference; lastKnownFileType = file.playground; path = C02.Observables.playground; sourceTree = "<group>"; xcLanguageSpecificationIdentifier = xcode.lang.swift; };
		DA383A5E10D0AE89B545D454 /* Pods-RxSwiftDemo.debug.xcconfig */ = {isa = PBXFileReference; includeInIndex = 1; lastKnownFileType = text.xcconfig; name = "Pods-RxSwiftDemo.debug.xcconfig"; path = "Pods/Target Support Files/Pods-RxSwiftDemo/Pods-RxSwiftDemo.debug.xcconfig"; sourceTree = "<group>"; };
/* End PBXFileReference section */

/* Begin PBXFrameworksBuildPhase section */
		9510461C1FED0C8600753BB9 /* Frameworks */ = {
			isa = PBXFrameworksBuildPhase;
			buildActionMask = 2147483647;
			files = (
				4502099C8CE342D30D1EA81C /* Pods_RxSwiftDemo.framework in Frameworks */,
			);
			runOnlyForDeploymentPostprocessing = 0;
		};
/* End PBXFrameworksBuildPhase section */

/* Begin PBXGroup section */
		57DFE503EB1BD3D88CE6FDF1 /* Pods */ = {
			isa = PBXGroup;
			children = (
				DA383A5E10D0AE89B545D454 /* Pods-RxSwiftDemo.debug.xcconfig */,
				27CCF57EB8A2571225D24017 /* Pods-RxSwiftDemo.release.xcconfig */,
			);
			name = Pods;
			sourceTree = "<group>";
		};
		951046161FED0C8600753BB9 = {
			isa = PBXGroup;
			children = (
				951046301FED0C9400753BB9 /* Playground */,
				951046211FED0C8600753BB9 /* RxSwiftDemo */,
				951046201FED0C8600753BB9 /* Products */,
				57DFE503EB1BD3D88CE6FDF1 /* Pods */,
				F9581D8807E8606A9CCCB3D6 /* Frameworks */,
			);
			sourceTree = "<group>";
		};
		951046201FED0C8600753BB9 /* Products */ = {
			isa = PBXGroup;
			children = (
				9510461F1FED0C8600753BB9 /* RxSwiftDemo.app */,
			);
			name = Products;
			sourceTree = "<group>";
		};
		951046211FED0C8600753BB9 /* RxSwiftDemo */ = {
			isa = PBXGroup;
			children = (
				951046221FED0C8600753BB9 /* AppDelegate.swift */,
				951046241FED0C8700753BB9 /* Assets.xcassets */,
				951046261FED0C8700753BB9 /* MainMenu.xib */,
				951046291FED0C8700753BB9 /* Info.plist */,
				9510462A1FED0C8700753BB9 /* RxSwiftDemo.entitlements */,
			);
			path = RxSwiftDemo;
			sourceTree = "<group>";
		};
		951046301FED0C9400753BB9 /* Playground */ = {
			isa = PBXGroup;
			children = (
				B98DEDAF212C1B9700CE3D14 /* RxSwift Reactive Programming with Swift */,
				951046311FED0C9400753BB9 /* 01.playground */,
				951046321FED0C9400753BB9 /* 02.playground */,
				95C957DF1FED15CE00374AE3 /* 03.playground */,
				95C957E01FED19F400374AE3 /* 04.playground */,
				95B73C861FEE5CC9002519D4 /* 05.playground */,
				95B73C871FEE64AD002519D4 /* 06.playground */,
				950BA5741FF14B0400860D01 /* 07.playground */,
				955A21F81FF1537700273A19 /* 08.playground */,
				95D571E41FF23F0A00B84F37 /* 09.playground */,
				950F41711FF24E770019F242 /* 10.playground */,
				95FB5AB01FF251C700D976CD /* 11.playground */,
			);
			name = Playground;
			path = RxSwiftDemo/Playground;
			sourceTree = "<group>";
		};
		B98DEDAF212C1B9700CE3D14 /* RxSwift Reactive Programming with Swift */ = {
			isa = PBXGroup;
			children = (
				B9D8B94C2146781300180CB0 /* C02.Observables.playground */,
				B9D8B94B2146781300180CB0 /* C03.Subjects.playground */,
				B96676DD214772FF0007C484 /* C05.Filtering Operators.playground */,
			);
			path = "RxSwift Reactive Programming with Swift";
			sourceTree = "<group>";
		};
		F9581D8807E8606A9CCCB3D6 /* Frameworks */ = {
			isa = PBXGroup;
			children = (
				5AC3BD0F24EF6E1D7232ACEC /* Pods_RxSwiftDemo.framework */,
			);
			name = Frameworks;
			sourceTree = "<group>";
		};
/* End PBXGroup section */

/* Begin PBXNativeTarget section */
		9510461E1FED0C8600753BB9 /* RxSwiftDemo */ = {
			isa = PBXNativeTarget;
			buildConfigurationList = 9510462D1FED0C8700753BB9 /* Build configuration list for PBXNativeTarget "RxSwiftDemo" */;
			buildPhases = (
				0D2B4E8DC9239431DAD8DA09 /* [CP] Check Pods Manifest.lock */,
				9510461B1FED0C8600753BB9 /* Sources */,
				9510461C1FED0C8600753BB9 /* Frameworks */,
				9510461D1FED0C8600753BB9 /* Resources */,
				6419223F1B104CD3F6C67A2C /* [CP] Embed Pods Frameworks */,
			);
			buildRules = (
			);
			dependencies = (
			);
			name = RxSwiftDemo;
			productName = RxSwiftDemo;
			productReference = 9510461F1FED0C8600753BB9 /* RxSwiftDemo.app */;
			productType = "com.apple.product-type.application";
		};
/* End PBXNativeTarget section */

/* Begin PBXProject section */
		951046171FED0C8600753BB9 /* Project object */ = {
			isa = PBXProject;
			attributes = {
				LastSwiftUpdateCheck = 0920;
				LastUpgradeCheck = 0940;
				ORGANIZATIONNAME = "Liu-Mac";
				TargetAttributes = {
					9510461E1FED0C8600753BB9 = {
						CreatedOnToolsVersion = 9.2;
						ProvisioningStyle = Automatic;
					};
				};
			};
			buildConfigurationList = 9510461A1FED0C8600753BB9 /* Build configuration list for PBXProject "RxSwiftDemo" */;
			compatibilityVersion = "Xcode 8.0";
			developmentRegion = en;
			hasScannedForEncodings = 0;
			knownRegions = (
				en,
				Base,
			);
			mainGroup = 951046161FED0C8600753BB9;
			productRefGroup = 951046201FED0C8600753BB9 /* Products */;
			projectDirPath = "";
			projectRoot = "";
			targets = (
				9510461E1FED0C8600753BB9 /* RxSwiftDemo */,
			);
		};
/* End PBXProject section */

/* Begin PBXResourcesBuildPhase section */
		9510461D1FED0C8600753BB9 /* Resources */ = {
			isa = PBXResourcesBuildPhase;
			buildActionMask = 2147483647;
			files = (
				951046251FED0C8700753BB9 /* Assets.xcassets in Resources */,
				951046281FED0C8700753BB9 /* MainMenu.xib in Resources */,
			);
			runOnlyForDeploymentPostprocessing = 0;
		};
/* End PBXResourcesBuildPhase section */

/* Begin PBXShellScriptBuildPhase section */
		0D2B4E8DC9239431DAD8DA09 /* [CP] Check Pods Manifest.lock */ = {
			isa = PBXShellScriptBuildPhase;
			buildActionMask = 2147483647;
			files = (
			);
			inputPaths = (
				"${PODS_PODFILE_DIR_PATH}/Podfile.lock",
				"${PODS_ROOT}/Manifest.lock",
			);
			name = "[CP] Check Pods Manifest.lock";
			outputPaths = (
				"$(DERIVED_FILE_DIR)/Pods-RxSwiftDemo-checkManifestLockResult.txt",
			);
			runOnlyForDeploymentPostprocessing = 0;
			shellPath = /bin/sh;
			shellScript = "diff \"${PODS_PODFILE_DIR_PATH}/Podfile.lock\" \"${PODS_ROOT}/Manifest.lock\" > /dev/null\nif [ $? != 0 ] ; then\n    # print error to STDERR\n    echo \"error: The sandbox is not in sync with the Podfile.lock. Run 'pod install' or update your CocoaPods installation.\" >&2\n    exit 1\nfi\n# This output is used by Xcode 'outputs' to avoid re-running this script phase.\necho \"SUCCESS\" > \"${SCRIPT_OUTPUT_FILE_0}\"\n";
			showEnvVarsInLog = 0;
		};
		6419223F1B104CD3F6C67A2C /* [CP] Embed Pods Frameworks */ = {
			isa = PBXShellScriptBuildPhase;
			buildActionMask = 2147483647;
			files = (
			);
			inputPaths = (
				"${SRCROOT}/Pods/Target Support Files/Pods-RxSwiftDemo/Pods-RxSwiftDemo-frameworks.sh",
				"${BUILT_PRODUCTS_DIR}/RxCocoa/RxCocoa.framework",
				"${BUILT_PRODUCTS_DIR}/RxSwift/RxSwift.framework",
			);
			name = "[CP] Embed Pods Frameworks";
			outputPaths = (
				"${TARGET_BUILD_DIR}/${FRAMEWORKS_FOLDER_PATH}/RxCocoa.framework",
				"${TARGET_BUILD_DIR}/${FRAMEWORKS_FOLDER_PATH}/RxSwift.framework",
			);
			runOnlyForDeploymentPostprocessing = 0;
			shellPath = /bin/sh;
			shellScript = "\"${SRCROOT}/Pods/Target Support Files/Pods-RxSwiftDemo/Pods-RxSwiftDemo-frameworks.sh\"\n";
			showEnvVarsInLog = 0;
		};
/* End PBXShellScriptBuildPhase section */

/* Begin PBXSourcesBuildPhase section */
		9510461B1FED0C8600753BB9 /* Sources */ = {
			isa = PBXSourcesBuildPhase;
			buildActionMask = 2147483647;
			files = (
				951046231FED0C8600753BB9 /* AppDelegate.swift in Sources */,
			);
			runOnlyForDeploymentPostprocessing = 0;
		};
/* End PBXSourcesBuildPhase section */

/* Begin PBXVariantGroup section */
		951046261FED0C8700753BB9 /* MainMenu.xib */ = {
			isa = PBXVariantGroup;
			children = (
				951046271FED0C8700753BB9 /* Base */,
			);
			name = MainMenu.xib;
			sourceTree = "<group>";
		};
/* End PBXVariantGroup section */

/* Begin XCBuildConfiguration section */
		9510462B1FED0C8700753BB9 /* Debug */ = {
			isa = XCBuildConfiguration;
			buildSettings = {
				ALWAYS_SEARCH_USER_PATHS = NO;
				CLANG_ANALYZER_NONNULL = YES;
				CLANG_ANALYZER_NUMBER_OBJECT_CONVERSION = YES_AGGRESSIVE;
				CLANG_CXX_LANGUAGE_STANDARD = "gnu++14";
				CLANG_CXX_LIBRARY = "libc++";
				CLANG_ENABLE_MODULES = YES;
				CLANG_ENABLE_OBJC_ARC = YES;
				CLANG_WARN_BLOCK_CAPTURE_AUTORELEASING = YES;
				CLANG_WARN_BOOL_CONVERSION = YES;
				CLANG_WARN_COMMA = YES;
				CLANG_WARN_CONSTANT_CONVERSION = YES;
				CLANG_WARN_DEPRECATED_OBJC_IMPLEMENTATIONS = YES;
				CLANG_WARN_DIRECT_OBJC_ISA_USAGE = YES_ERROR;
				CLANG_WARN_DOCUMENTATION_COMMENTS = YES;
				CLANG_WARN_EMPTY_BODY = YES;
				CLANG_WARN_ENUM_CONVERSION = YES;
				CLANG_WARN_INFINITE_RECURSION = YES;
				CLANG_WARN_INT_CONVERSION = YES;
				CLANG_WARN_NON_LITERAL_NULL_CONVERSION = YES;
				CLANG_WARN_OBJC_IMPLICIT_RETAIN_SELF = YES;
				CLANG_WARN_OBJC_LITERAL_CONVERSION = YES;
				CLANG_WARN_OBJC_ROOT_CLASS = YES_ERROR;
				CLANG_WARN_RANGE_LOOP_ANALYSIS = YES;
				CLANG_WARN_STRICT_PROTOTYPES = YES;
				CLANG_WARN_SUSPICIOUS_MOVE = YES;
				CLANG_WARN_UNGUARDED_AVAILABILITY = YES_AGGRESSIVE;
				CLANG_WARN_UNREACHABLE_CODE = YES;
				CLANG_WARN__DUPLICATE_METHOD_MATCH = YES;
				CODE_SIGN_IDENTITY = "Mac Developer";
				COPY_PHASE_STRIP = NO;
				DEBUG_INFORMATION_FORMAT = dwarf;
				ENABLE_STRICT_OBJC_MSGSEND = YES;
				ENABLE_TESTABILITY = YES;
				GCC_C_LANGUAGE_STANDARD = gnu11;
				GCC_DYNAMIC_NO_PIC = NO;
				GCC_NO_COMMON_BLOCKS = YES;
				GCC_OPTIMIZATION_LEVEL = 0;
				GCC_PREPROCESSOR_DEFINITIONS = (
					"DEBUG=1",
					"$(inherited)",
				);
				GCC_WARN_64_TO_32_BIT_CONVERSION = YES;
				GCC_WARN_ABOUT_RETURN_TYPE = YES_ERROR;
				GCC_WARN_UNDECLARED_SELECTOR = YES;
				GCC_WARN_UNINITIALIZED_AUTOS = YES_AGGRESSIVE;
				GCC_WARN_UNUSED_FUNCTION = YES;
				GCC_WARN_UNUSED_VARIABLE = YES;
				MACOSX_DEPLOYMENT_TARGET = 10.12;
				MTL_ENABLE_DEBUG_INFO = YES;
				ONLY_ACTIVE_ARCH = YES;
				SDKROOT = macosx;
				SWIFT_ACTIVE_COMPILATION_CONDITIONS = DEBUG;
				SWIFT_OPTIMIZATION_LEVEL = "-Onone";
			};
			name = Debug;
		};
		9510462C1FED0C8700753BB9 /* Release */ = {
			isa = XCBuildConfiguration;
			buildSettings = {
				ALWAYS_SEARCH_USER_PATHS = NO;
				CLANG_ANALYZER_NONNULL = YES;
				CLANG_ANALYZER_NUMBER_OBJECT_CONVERSION = YES_AGGRESSIVE;
				CLANG_CXX_LANGUAGE_STANDARD = "gnu++14";
				CLANG_CXX_LIBRARY = "libc++";
				CLANG_ENABLE_MODULES = YES;
				CLANG_ENABLE_OBJC_ARC = YES;
				CLANG_WARN_BLOCK_CAPTURE_AUTORELEASING = YES;
				CLANG_WARN_BOOL_CONVERSION = YES;
				CLANG_WARN_COMMA = YES;
				CLANG_WARN_CONSTANT_CONVERSION = YES;
				CLANG_WARN_DEPRECATED_OBJC_IMPLEMENTATIONS = YES;
				CLANG_WARN_DIRECT_OBJC_ISA_USAGE = YES_ERROR;
				CLANG_WARN_DOCUMENTATION_COMMENTS = YES;
				CLANG_WARN_EMPTY_BODY = YES;
				CLANG_WARN_ENUM_CONVERSION = YES;
				CLANG_WARN_INFINITE_RECURSION = YES;
				CLANG_WARN_INT_CONVERSION = YES;
				CLANG_WARN_NON_LITERAL_NULL_CONVERSION = YES;
				CLANG_WARN_OBJC_IMPLICIT_RETAIN_SELF = YES;
				CLANG_WARN_OBJC_LITERAL_CONVERSION = YES;
				CLANG_WARN_OBJC_ROOT_CLASS = YES_ERROR;
				CLANG_WARN_RANGE_LOOP_ANALYSIS = YES;
				CLANG_WARN_STRICT_PROTOTYPES = YES;
				CLANG_WARN_SUSPICIOUS_MOVE = YES;
				CLANG_WARN_UNGUARDED_AVAILABILITY = YES_AGGRESSIVE;
				CLANG_WARN_UNREACHABLE_CODE = YES;
				CLANG_WARN__DUPLICATE_METHOD_MATCH = YES;
				CODE_SIGN_IDENTITY = "Mac Developer";
				COPY_PHASE_STRIP = NO;
				DEBUG_INFORMATION_FORMAT = "dwarf-with-dsym";
				ENABLE_NS_ASSERTIONS = NO;
				ENABLE_STRICT_OBJC_MSGSEND = YES;
				GCC_C_LANGUAGE_STANDARD = gnu11;
				GCC_NO_COMMON_BLOCKS = YES;
				GCC_WARN_64_TO_32_BIT_CONVERSION = YES;
				GCC_WARN_ABOUT_RETURN_TYPE = YES_ERROR;
				GCC_WARN_UNDECLARED_SELECTOR = YES;
				GCC_WARN_UNINITIALIZED_AUTOS = YES_AGGRESSIVE;
				GCC_WARN_UNUSED_FUNCTION = YES;
				GCC_WARN_UNUSED_VARIABLE = YES;
				MACOSX_DEPLOYMENT_TARGET = 10.12;
				MTL_ENABLE_DEBUG_INFO = NO;
				SDKROOT = macosx;
				SWIFT_OPTIMIZATION_LEVEL = "-Owholemodule";
			};
			name = Release;
		};
		9510462E1FED0C8700753BB9 /* Debug */ = {
			isa = XCBuildConfiguration;
			baseConfigurationReference = DA383A5E10D0AE89B545D454 /* Pods-RxSwiftDemo.debug.xcconfig */;
			buildSettings = {
				ASSETCATALOG_COMPILER_APPICON_NAME = AppIcon;
				CODE_SIGN_ENTITLEMENTS = RxSwiftDemo/RxSwiftDemo.entitlements;
				CODE_SIGN_IDENTITY = "Mac Developer";
				CODE_SIGN_STYLE = Automatic;
				COMBINE_HIDPI_IMAGES = YES;
				DEVELOPMENT_TEAM = X65GN27YEQ;
				INFOPLIST_FILE = RxSwiftDemo/Info.plist;
				LD_RUNPATH_SEARCH_PATHS = "$(inherited) @executable_path/../Frameworks";
				PRODUCT_BUNDLE_IDENTIFIER = net.littlecaptain.RxSwift;
				PRODUCT_NAME = "$(TARGET_NAME)";
				PROVISIONING_PROFILE_SPECIFIER = "";
				SWIFT_VERSION = 4.0;
			};
			name = Debug;
		};
		9510462F1FED0C8700753BB9 /* Release */ = {
			isa = XCBuildConfiguration;
			baseConfigurationReference = 27CCF57EB8A2571225D24017 /* Pods-RxSwiftDemo.release.xcconfig */;
			buildSettings = {
				ASSETCATALOG_COMPILER_APPICON_NAME = AppIcon;
				CODE_SIGN_ENTITLEMENTS = RxSwiftDemo/RxSwiftDemo.entitlements;
				CODE_SIGN_IDENTITY = "Mac Developer";
				CODE_SIGN_STYLE = Automatic;
				COMBINE_HIDPI_IMAGES = YES;
				DEVELOPMENT_TEAM = X65GN27YEQ;
				INFOPLIST_FILE = RxSwiftDemo/Info.plist;
				LD_RUNPATH_SEARCH_PATHS = "$(inherited) @executable_path/../Frameworks";
				PRODUCT_BUNDLE_IDENTIFIER = net.littlecaptain.RxSwift;
				PRODUCT_NAME = "$(TARGET_NAME)";
				PROVISIONING_PROFILE_SPECIFIER = "";
				SWIFT_VERSION = 4.0;
			};
			name = Release;
		};
/* End XCBuildConfiguration section */

/* Begin XCConfigurationList section */
		9510461A1FED0C8600753BB9 /* Build configuration list for PBXProject "RxSwiftDemo" */ = {
			isa = XCConfigurationList;
			buildConfigurations = (
				9510462B1FED0C8700753BB9 /* Debug */,
				9510462C1FED0C8700753BB9 /* Release */,
			);
			defaultConfigurationIsVisible = 0;
			defaultConfigurationName = Release;
		};
		9510462D1FED0C8700753BB9 /* Build configuration list for PBXNativeTarget "RxSwiftDemo" */ = {
			isa = XCConfigurationList;
			buildConfigurations = (
				9510462E1FED0C8700753BB9 /* Debug */,
				9510462F1FED0C8700753BB9 /* Release */,
			);
			defaultConfigurationIsVisible = 0;
			defaultConfigurationName = Release;
		};
/* End XCConfigurationList section */
	};
	rootObject = 951046171FED0C8600753BB9 /* Project object */;
}
